
Microsoft Visual Studio Solution File, Format Version 12.00
# Visual Studio Version 17
VisualStudioVersion = 17.3.32901.215
MinimumVisualStudioVersion = 10.0.40219.1
Project("{9A19103F-16F7-4668-BE54-9A1E7A4F7556}") = "Technosoftware.DaAeHdaClient", "src\Technosoftware\DaAeHdaClient\Technosoftware.DaAeHdaClient.csproj", "{EEFD269C-B83E-4C9B-8F96-432FAD558B98}"
EndProject
Project("{2150E333-8FDC-42A3-9474-1A3956D46DE8}") = "Libraries", "Libraries", "{90E1FABC-FFC1-47D4-A7EF-99F4E2839AD9}"
EndProject
Project("{9A19103F-16F7-4668-BE54-9A1E7A4F7556}") = "Technosoftware.DaAeHdaClient.Com", "src\Technosoftware\DaAeHdaClient.Com\Technosoftware.DaAeHdaClient.Com.csproj", "{8756C220-19E3-4275-A1B3-DAEB81AEF184}"
EndProject
Project("{9A19103F-16F7-4668-BE54-9A1E7A4F7556}") = "Technosoftware.OpcRcw", "src\Technosoftware\OpcRcw\Technosoftware.OpcRcw.csproj", "{3852C942-F26F-49D4-9FAB-4DEB8396DA61}"
EndProject
Project("{2150E333-8FDC-42A3-9474-1A3956D46DE8}") = "Sample Applications", "Sample Applications", "{02EA681E-C7D8-13C7-8484-4AC65E1B71E8}"
EndProject
Project("{FAE04EC0-301F-11D3-BF4B-00C04F79EFBC}") = "SampleClients.Common", "examples\SampleClients\Common\SampleClients.Common.csproj", "{DD63E7C4-2274-23CD-081C-370C6032F554}"
EndProject
Project("{FAE04EC0-301F-11D3-BF4B-00C04F79EFBC}") = "SampleClients.Da", "examples\SampleClients\Da\SampleClients.Da.csproj", "{9844F9B7-A5C7-D358-D68F-93E055DF32E8}"
EndProject
Project("{FAE04EC0-301F-11D3-BF4B-00C04F79EFBC}") = "SampleClients.ScPl", "examples\SampleClients\ScPL\SampleClients.ScPl.csproj", "{FFC016CF-8E45-A050-3025-1B420B3A890B}"
EndProject
Project("{FAE04EC0-301F-11D3-BF4B-00C04F79EFBC}") = "SampleClients.Hda", "examples\SampleClients\Hda\SampleClients.Hda.csproj", "{C85FECE0-C48E-AEEA-AE3E-C01E97A191E2}"
EndProject
Project("{FAE04EC0-301F-11D3-BF4B-00C04F79EFBC}") = "SampleClients.Ae", "examples\SampleClients\Ae\SampleClients.Ae.csproj", "{8CAB2ECC-802E-6CA4-0BD1-111B00BE854E}"
EndProject
Project("{2150E333-8FDC-42A3-9474-1A3956D46DE8}") = "Examples", "Examples", "{269C0647-BC29-4F18-BFA2-8A7EE18171A2}"
EndProject
Project("{FAE04EC0-301F-11D3-BF4B-00C04F79EFBC}") = "DaConsole", "examples\WorkshopClients\DaConsole\DaConsole.csproj", "{539BC2AC-B9D3-0128-0721-903DA9C6FC21}"
EndProject
Project("{FAE04EC0-301F-11D3-BF4B-00C04F79EFBC}") = "AeConsole", "examples\WorkshopClients\AeConsole\AeConsole.csproj", "{B7A77435-FE62-0EAF-61CE-6156E6F0377C}"
EndProject
Project("{FAE04EC0-301F-11D3-BF4B-00C04F79EFBC}") = "HdaConsole", "examples\WorkshopClients\HdaConsole\HdaConsole.csproj", "{777D6460-5B1C-252D-E3E6-0B8BB677C2FD}"
EndProject
Global
	GlobalSection(SolutionConfigurationPlatforms) = preSolution
		Debug|Any CPU = Debug|Any CPU
		Release|Any CPU = Release|Any CPU
	EndGlobalSection
	GlobalSection(ProjectConfigurationPlatforms) = postSolution
		{EEFD269C-B83E-4C9B-8F96-432FAD558B98}.Debug|Any CPU.ActiveCfg = Debug|Any CPU
		{EEFD269C-B83E-4C9B-8F96-432FAD558B98}.Debug|Any CPU.Build.0 = Debug|Any CPU
		{EEFD269C-B83E-4C9B-8F96-432FAD558B98}.Release|Any CPU.ActiveCfg = Release|Any CPU
		{EEFD269C-B83E-4C9B-8F96-432FAD558B98}.Release|Any CPU.Build.0 = Release|Any CPU
		{8756C220-19E3-4275-A1B3-DAEB81AEF184}.Debug|Any CPU.ActiveCfg = Debug|Any CPU
		{8756C220-19E3-4275-A1B3-DAEB81AEF184}.Debug|Any CPU.Build.0 = Debug|Any CPU
		{8756C220-19E3-4275-A1B3-DAEB81AEF184}.Release|Any CPU.ActiveCfg = Release|Any CPU
		{8756C220-19E3-4275-A1B3-DAEB81AEF184}.Release|Any CPU.Build.0 = Release|Any CPU
		{3852C942-F26F-49D4-9FAB-4DEB8396DA61}.Debug|Any CPU.ActiveCfg = Debug|Any CPU
		{3852C942-F26F-49D4-9FAB-4DEB8396DA61}.Debug|Any CPU.Build.0 = Debug|Any CPU
		{3852C942-F26F-49D4-9FAB-4DEB8396DA61}.Release|Any CPU.ActiveCfg = Release|Any CPU
		{3852C942-F26F-49D4-9FAB-4DEB8396DA61}.Release|Any CPU.Build.0 = Release|Any CPU
		{DD63E7C4-2274-23CD-081C-370C6032F554}.Debug|Any CPU.ActiveCfg = Debug|Any CPU
		{DD63E7C4-2274-23CD-081C-370C6032F554}.Debug|Any CPU.Build.0 = Debug|Any CPU
		{DD63E7C4-2274-23CD-081C-370C6032F554}.Release|Any CPU.ActiveCfg = Release|Any CPU
		{DD63E7C4-2274-23CD-081C-370C6032F554}.Release|Any CPU.Build.0 = Release|Any CPU
		{9844F9B7-A5C7-D358-D68F-93E055DF32E8}.Debug|Any CPU.ActiveCfg = Debug|Any CPU
		{9844F9B7-A5C7-D358-D68F-93E055DF32E8}.Debug|Any CPU.Build.0 = Debug|Any CPU
		{9844F9B7-A5C7-D358-D68F-93E055DF32E8}.Release|Any CPU.ActiveCfg = Release|Any CPU
		{9844F9B7-A5C7-D358-D68F-93E055DF32E8}.Release|Any CPU.Build.0 = Release|Any CPU
		{FFC016CF-8E45-A050-3025-1B420B3A890B}.Debug|Any CPU.ActiveCfg = Debug|Any CPU
		{FFC016CF-8E45-A050-3025-1B420B3A890B}.Debug|Any CPU.Build.0 = Debug|Any CPU
		{FFC016CF-8E45-A050-3025-1B420B3A890B}.Release|Any CPU.ActiveCfg = Release|Any CPU
		{FFC016CF-8E45-A050-3025-1B420B3A890B}.Release|Any CPU.Build.0 = Release|Any CPU
		{C85FECE0-C48E-AEEA-AE3E-C01E97A191E2}.Debug|Any CPU.ActiveCfg = Debug|Any CPU
		{C85FECE0-C48E-AEEA-AE3E-C01E97A191E2}.Debug|Any CPU.Build.0 = Debug|Any CPU
		{C85FECE0-C48E-AEEA-AE3E-C01E97A191E2}.Release|Any CPU.ActiveCfg = Release|Any CPU
		{C85FECE0-C48E-AEEA-AE3E-C01E97A191E2}.Release|Any CPU.Build.0 = Release|Any CPU
		{8CAB2ECC-802E-6CA4-0BD1-111B00BE854E}.Debug|Any CPU.ActiveCfg = Debug|Any CPU
		{8CAB2ECC-802E-6CA4-0BD1-111B00BE854E}.Debug|Any CPU.Build.0 = Debug|Any CPU
		{8CAB2ECC-802E-6CA4-0BD1-111B00BE854E}.Release|Any CPU.ActiveCfg = Release|Any CPU
		{8CAB2ECC-802E-6CA4-0BD1-111B00BE854E}.Release|Any CPU.Build.0 = Release|Any CPU
		{539BC2AC-B9D3-0128-0721-903DA9C6FC21}.Debug|Any CPU.ActiveCfg = Debug|Any CPU
		{539BC2AC-B9D3-0128-0721-903DA9C6FC21}.Debug|Any CPU.Build.0 = Debug|Any CPU
		{539BC2AC-B9D3-0128-0721-903DA9C6FC21}.Release|Any CPU.ActiveCfg = Release|Any CPU
		{539BC2AC-B9D3-0128-0721-903DA9C6FC21}.Release|Any CPU.Build.0 = Release|Any CPU
		{B7A77435-FE62-0EAF-61CE-6156E6F0377C}.Debug|Any CPU.ActiveCfg = Debug|Any CPU
		{B7A77435-FE62-0EAF-61CE-6156E6F0377C}.Debug|Any CPU.Build.0 = Debug|Any CPU
		{B7A77435-FE62-0EAF-61CE-6156E6F0377C}.Release|Any CPU.ActiveCfg = Release|Any CPU
		{B7A77435-FE62-0EAF-61CE-6156E6F0377C}.Release|Any CPU.Build.0 = Release|Any CPU
		{777D6460-5B1C-252D-E3E6-0B8BB677C2FD}.Debug|Any CPU.ActiveCfg = Debug|Any CPU
		{777D6460-5B1C-252D-E3E6-0B8BB677C2FD}.Debug|Any CPU.Build.0 = Debug|Any CPU
		{777D6460-5B1C-252D-E3E6-0B8BB677C2FD}.Release|Any CPU.ActiveCfg = Release|Any CPU
		{777D6460-5B1C-252D-E3E6-0B8BB677C2FD}.Release|Any CPU.Build.0 = Release|Any CPU
	EndGlobalSection
	GlobalSection(SolutionProperties) = preSolution
		HideSolutionNode = FALSE
	EndGlobalSection
	GlobalSection(NestedProjects) = preSolution
		{EEFD269C-B83E-4C9B-8F96-432FAD558B98} = {90E1FABC-FFC1-47D4-A7EF-99F4E2839AD9}
		{8756C220-19E3-4275-A1B3-DAEB81AEF184} = {90E1FABC-FFC1-47D4-A7EF-99F4E2839AD9}
		{3852C942-F26F-49D4-9FAB-4DEB8396DA61} = {90E1FABC-FFC1-47D4-A7EF-99F4E2839AD9}
		{DD63E7C4-2274-23CD-081C-370C6032F554} = {02EA681E-C7D8-13C7-8484-4AC65E1B71E8}
		{9844F9B7-A5C7-D358-D68F-93E055DF32E8} = {02EA681E-C7D8-13C7-8484-4AC65E1B71E8}
		{FFC016CF-8E45-A050-3025-1B420B3A890B} = {02EA681E-C7D8-13C7-8484-4AC65E1B71E8}
		{C85FECE0-C48E-AEEA-AE3E-C01E97A191E2} = {02EA681E-C7D8-13C7-8484-4AC65E1B71E8}
		{8CAB2ECC-802E-6CA4-0BD1-111B00BE854E} = {02EA681E-C7D8-13C7-8484-4AC65E1B71E8}
		{539BC2AC-B9D3-0128-0721-903DA9C6FC21} = {269C0647-BC29-4F18-BFA2-8A7EE18171A2}
		{B7A77435-FE62-0EAF-61CE-6156E6F0377C} = {269C0647-BC29-4F18-BFA2-8A7EE18171A2}
		{777D6460-5B1C-252D-E3E6-0B8BB677C2FD} = {269C0647-BC29-4F18-BFA2-8A7EE18171A2}
	EndGlobalSection
	GlobalSection(ExtensibilityGlobals) = postSolution
		SolutionGuid = {D398263E-3EFA-493B-94F3-F6271B79C4A6}
	EndGlobalSection
EndGlobal
